
Microsoft Visual Studio Solution File, Format Version 10.00
# Visual Studio 2008
Project("{E24C65DC-7377-472B-9ABA-BC803B73C61A}") = "Online Orphanage", ".", "{DA6B540A-C227-4EA6-BABC-6E5236247C44}"
	ProjectSection(WebsiteProperties) = preProject
		TargetFramework = "3.5"
		Debug.AspNetCompiler.VirtualPath = "/Online Orphanage"
		Debug.AspNetCompiler.PhysicalPath = "N:\Afreen\Project\Orphanage-32bits\Online Orphanage\"
		Debug.AspNetCompiler.TargetPath = "PrecompiledWeb\Online Orphanage\"
		Debug.AspNetCompiler.Updateable = "true"
		Debug.AspNetCompiler.ForceOverwrite = "true"
		Debug.AspNetCompiler.FixedNames = "false"
		Debug.AspNetCompiler.Debug = "True"
		Release.AspNetCompiler.VirtualPath = "/Online Orphanage"
		Release.AspNetCompiler.PhysicalPath = "N:\Afreen\Project\Orphanage-32bits\Online Orphanage\"
		Release.AspNetCompiler.TargetPath = "PrecompiledWeb\Online Orphanage\"
		Release.AspNetCompiler.Updateable = "true"
		Release.AspNetCompiler.ForceOverwrite = "true"
		Release.AspNetCompiler.FixedNames = "false"
		Release.AspNetCompiler.Debug = "False"
		VWDPort = "54761"
	EndProjectSection
EndProject
Global
	GlobalSection(SolutionConfigurationPlatforms) = preSolution
		Debug|.NET = Debug|.NET
	EndGlobalSection
	GlobalSection(ProjectConfigurationPlatforms) = postSolution
		{DA6B540A-C227-4EA6-BABC-6E5236247C44}.Debug|.NET.ActiveCfg = Debug|.NET
		{DA6B540A-C227-4EA6-BABC-6E5236247C44}.Debug|.NET.Build.0 = Debug|.NET
	EndGlobalSection
	GlobalSection(SolutionProperties) = preSolution
		HideSolutionNode = FALSE
	EndGlobalSection
EndGlobal
